
Microsoft Visual Studio Solution File, Format Version 12.00
# Visual Studio Version 17
VisualStudioVersion = 17.7.34009.444
MinimumVisualStudioVersion = 10.0.40219.1
Project("{FAE04EC0-301F-11D3-BF4B-00C04F79EFBC}") = "8Puzzle", "8Puzzle\8Puzzle.csproj", "{10059DA1-C73E-40E8-A1CC-C53FB431E259}"
EndProject
Project("{9A19103F-16F7-4668-BE54-9A1E7A4F7556}") = "WarmupProgram", "..\WarmupProgram\WarmupProgram\WarmupProgram.csproj", "{B5133E67-6CD6-4758-A417-C68AB19F2697}"
EndProject
Global
	GlobalSection(SolutionConfigurationPlatforms) = preSolution
		Debug|Any CPU = Debug|Any CPU
		Release|Any CPU = Release|Any CPU
	EndGlobalSection
	GlobalSection(ProjectConfigurationPlatforms) = postSolution
		{10059DA1-C73E-40E8-A1CC-C53FB431E259}.Debug|Any CPU.ActiveCfg = Debug|Any CPU
		{10059DA1-C73E-40E8-A1CC-C53FB431E259}.Debug|Any CPU.Build.0 = Debug|Any CPU
		{10059DA1-C73E-40E8-A1CC-C53FB431E259}.Release|Any CPU.ActiveCfg = Release|Any CPU
		{10059DA1-C73E-40E8-A1CC-C53FB431E259}.Release|Any CPU.Build.0 = Release|Any CPU
		{B5133E67-6CD6-4758-A417-C68AB19F2697}.Debug|Any CPU.ActiveCfg = Debug|Any CPU
		{B5133E67-6CD6-4758-A417-C68AB19F2697}.Debug|Any CPU.Build.0 = Debug|Any CPU
		{B5133E67-6CD6-4758-A417-C68AB19F2697}.Release|Any CPU.ActiveCfg = Release|Any CPU
		{B5133E67-6CD6-4758-A417-C68AB19F2697}.Release|Any CPU.Build.0 = Release|Any CPU
	EndGlobalSection
	GlobalSection(SolutionProperties) = preSolution
		HideSolutionNode = FALSE
	EndGlobalSection
	GlobalSection(ExtensibilityGlobals) = postSolution
		SolutionGuid = {B8E7CFC1-E016-4690-BC2A-4D421EED3640}
	EndGlobalSection
EndGlobal
